
Microsoft Visual Studio Solution File, Format Version 12.00
# Visual Studio Version 16
VisualStudioVersion = 16.0.30011.22
MinimumVisualStudioVersion = 10.0.40219.1
Project("{9A19103F-16F7-4668-BE54-9A1E7A4F7556}") = "roboClaw-console", "roboClaw-console\roboClaw-console.csproj", "{EC0E158E-0692-4665-8C98-67F9C48EE22D}"
EndProject
Project("{FAE04EC0-301F-11D3-BF4B-00C04F79EFBC}") = "RoboclawClassLib", "RoboclawClassLib\RoboclawClassLib\RoboclawClassLib.csproj", "{A16C69A7-5482-4BF1-B240-891C1E77CB24}"
EndProject
Project("{9A19103F-16F7-4668-BE54-9A1E7A4F7556}") = "RoboclawClassLib-NET-Core", "RoboclawClassLib-NET-Core\RoboclawClassLib-NET-Core.csproj", "{7B7E81F2-834E-4D80-996A-0E85FBCCF936}"
EndProject
Project("{FAE04EC0-301F-11D3-BF4B-00C04F79EFBC}") = "console-old-framework", "console-old-framework\console-old-framework.csproj", "{A6D62C6A-D3CD-4A18-9AAF-E3B14E6BEDE3}"
EndProject
Global
	GlobalSection(SolutionConfigurationPlatforms) = preSolution
		Debug|Any CPU = Debug|Any CPU
		Debug|x86 = Debug|x86
		Release|Any CPU = Release|Any CPU
		Release|x86 = Release|x86
	EndGlobalSection
	GlobalSection(ProjectConfigurationPlatforms) = postSolution
		{EC0E158E-0692-4665-8C98-67F9C48EE22D}.Debug|Any CPU.ActiveCfg = Debug|Any CPU
		{EC0E158E-0692-4665-8C98-67F9C48EE22D}.Debug|Any CPU.Build.0 = Debug|Any CPU
		{EC0E158E-0692-4665-8C98-67F9C48EE22D}.Debug|x86.ActiveCfg = Debug|Any CPU
		{EC0E158E-0692-4665-8C98-67F9C48EE22D}.Debug|x86.Build.0 = Debug|Any CPU
		{EC0E158E-0692-4665-8C98-67F9C48EE22D}.Release|Any CPU.ActiveCfg = Release|Any CPU
		{EC0E158E-0692-4665-8C98-67F9C48EE22D}.Release|Any CPU.Build.0 = Release|Any CPU
		{EC0E158E-0692-4665-8C98-67F9C48EE22D}.Release|x86.ActiveCfg = Release|Any CPU
		{EC0E158E-0692-4665-8C98-67F9C48EE22D}.Release|x86.Build.0 = Release|Any CPU
		{A16C69A7-5482-4BF1-B240-891C1E77CB24}.Debug|Any CPU.ActiveCfg = Debug|x86
		{A16C69A7-5482-4BF1-B240-891C1E77CB24}.Debug|Any CPU.Build.0 = Debug|x86
		{A16C69A7-5482-4BF1-B240-891C1E77CB24}.Debug|x86.ActiveCfg = Debug|x86
		{A16C69A7-5482-4BF1-B240-891C1E77CB24}.Debug|x86.Build.0 = Debug|x86
		{A16C69A7-5482-4BF1-B240-891C1E77CB24}.Release|Any CPU.ActiveCfg = Release|x86
		{A16C69A7-5482-4BF1-B240-891C1E77CB24}.Release|x86.ActiveCfg = Release|x86
		{A16C69A7-5482-4BF1-B240-891C1E77CB24}.Release|x86.Build.0 = Release|x86
		{7B7E81F2-834E-4D80-996A-0E85FBCCF936}.Debug|Any CPU.ActiveCfg = Debug|Any CPU
		{7B7E81F2-834E-4D80-996A-0E85FBCCF936}.Debug|Any CPU.Build.0 = Debug|Any CPU
		{7B7E81F2-834E-4D80-996A-0E85FBCCF936}.Debug|x86.ActiveCfg = Debug|Any CPU
		{7B7E81F2-834E-4D80-996A-0E85FBCCF936}.Debug|x86.Build.0 = Debug|Any CPU
		{7B7E81F2-834E-4D80-996A-0E85FBCCF936}.Release|Any CPU.ActiveCfg = Release|Any CPU
		{7B7E81F2-834E-4D80-996A-0E85FBCCF936}.Release|Any CPU.Build.0 = Release|Any CPU
		{7B7E81F2-834E-4D80-996A-0E85FBCCF936}.Release|x86.ActiveCfg = Release|Any CPU
		{7B7E81F2-834E-4D80-996A-0E85FBCCF936}.Release|x86.Build.0 = Release|Any CPU
		{A6D62C6A-D3CD-4A18-9AAF-E3B14E6BEDE3}.Debug|Any CPU.ActiveCfg = Debug|Any CPU
		{A6D62C6A-D3CD-4A18-9AAF-E3B14E6BEDE3}.Debug|Any CPU.Build.0 = Debug|Any CPU
		{A6D62C6A-D3CD-4A18-9AAF-E3B14E6BEDE3}.Debug|x86.ActiveCfg = Debug|Any CPU
		{A6D62C6A-D3CD-4A18-9AAF-E3B14E6BEDE3}.Debug|x86.Build.0 = Debug|Any CPU
		{A6D62C6A-D3CD-4A18-9AAF-E3B14E6BEDE3}.Release|Any CPU.ActiveCfg = Release|Any CPU
		{A6D62C6A-D3CD-4A18-9AAF-E3B14E6BEDE3}.Release|Any CPU.Build.0 = Release|Any CPU
		{A6D62C6A-D3CD-4A18-9AAF-E3B14E6BEDE3}.Release|x86.ActiveCfg = Release|Any CPU
		{A6D62C6A-D3CD-4A18-9AAF-E3B14E6BEDE3}.Release|x86.Build.0 = Release|Any CPU
	EndGlobalSection
	GlobalSection(SolutionProperties) = preSolution
		HideSolutionNode = FALSE
	EndGlobalSection
	GlobalSection(ExtensibilityGlobals) = postSolution
		SolutionGuid = {BAF8229B-515D-44A1-A4C7-F8F9839D0145}
	EndGlobalSection
EndGlobal
